
Microsoft Visual Studio Solution File, Format Version 12.00
# Visual Studio Version 16
VisualStudioVersion = 25.0.1706.14
MinimumVisualStudioVersion = 10.0.40219.1
Project("{FAE04EC0-301F-11D3-BF4B-00C04F79EFBC}") = "Company.Api", "Company\Company.Api.csproj", "{179942B9-F0FD-4802-A244-762FEDE82F57}"
EndProject
Project("{FAE04EC0-301F-11D3-BF4B-00C04F79EFBC}") = "Company.Domain", "Company.Domain\Company.Domain.csproj", "{32763E3F-A7CA-4C7A-AA31-6C1DC68FDD4E}"
EndProject
Project("{FAE04EC0-301F-11D3-BF4B-00C04F79EFBC}") = "Company.Infrastructure", "Company.Infrastructure\Company.Infrastructure.csproj", "{85C4B8A7-613F-4FD3-AA82-51F63828F203}"
EndProject
Project("{FAE04EC0-301F-11D3-BF4B-00C04F79EFBC}") = "Company.Application", "Company.Application\Company.Application.csproj", "{179D537D-9F98-404A-85AC-CE830A342DB4}"
EndProject
Global
	GlobalSection(SolutionConfigurationPlatforms) = preSolution
		Debug|Any CPU = Debug|Any CPU
		Debug|x64 = Debug|x64
		Debug|x86 = Debug|x86
		Release|Any CPU = Release|Any CPU
		Release|x64 = Release|x64
		Release|x86 = Release|x86
	EndGlobalSection
	GlobalSection(ProjectConfigurationPlatforms) = postSolution
		{179942B9-F0FD-4802-A244-762FEDE82F57}.Debug|Any CPU.ActiveCfg = Debug|Any CPU
		{179942B9-F0FD-4802-A244-762FEDE82F57}.Debug|Any CPU.Build.0 = Debug|Any CPU
		{179942B9-F0FD-4802-A244-762FEDE82F57}.Debug|x64.ActiveCfg = Debug|Any CPU
		{179942B9-F0FD-4802-A244-762FEDE82F57}.Debug|x64.Build.0 = Debug|Any CPU
		{179942B9-F0FD-4802-A244-762FEDE82F57}.Debug|x86.ActiveCfg = Debug|Any CPU
		{179942B9-F0FD-4802-A244-762FEDE82F57}.Debug|x86.Build.0 = Debug|Any CPU
		{179942B9-F0FD-4802-A244-762FEDE82F57}.Release|Any CPU.ActiveCfg = Release|Any CPU
		{179942B9-F0FD-4802-A244-762FEDE82F57}.Release|Any CPU.Build.0 = Release|Any CPU
		{179942B9-F0FD-4802-A244-762FEDE82F57}.Release|x64.ActiveCfg = Release|Any CPU
		{179942B9-F0FD-4802-A244-762FEDE82F57}.Release|x64.Build.0 = Release|Any CPU
		{179942B9-F0FD-4802-A244-762FEDE82F57}.Release|x86.ActiveCfg = Release|Any CPU
		{179942B9-F0FD-4802-A244-762FEDE82F57}.Release|x86.Build.0 = Release|Any CPU
		{32763E3F-A7CA-4C7A-AA31-6C1DC68FDD4E}.Debug|Any CPU.ActiveCfg = Debug|Any CPU
		{32763E3F-A7CA-4C7A-AA31-6C1DC68FDD4E}.Debug|Any CPU.Build.0 = Debug|Any CPU
		{32763E3F-A7CA-4C7A-AA31-6C1DC68FDD4E}.Debug|x64.ActiveCfg = Debug|Any CPU
		{32763E3F-A7CA-4C7A-AA31-6C1DC68FDD4E}.Debug|x64.Build.0 = Debug|Any CPU
		{32763E3F-A7CA-4C7A-AA31-6C1DC68FDD4E}.Debug|x86.ActiveCfg = Debug|Any CPU
		{32763E3F-A7CA-4C7A-AA31-6C1DC68FDD4E}.Debug|x86.Build.0 = Debug|Any CPU
		{32763E3F-A7CA-4C7A-AA31-6C1DC68FDD4E}.Release|Any CPU.ActiveCfg = Release|Any CPU
		{32763E3F-A7CA-4C7A-AA31-6C1DC68FDD4E}.Release|Any CPU.Build.0 = Release|Any CPU
		{32763E3F-A7CA-4C7A-AA31-6C1DC68FDD4E}.Release|x64.ActiveCfg = Release|Any CPU
		{32763E3F-A7CA-4C7A-AA31-6C1DC68FDD4E}.Release|x64.Build.0 = Release|Any CPU
		{32763E3F-A7CA-4C7A-AA31-6C1DC68FDD4E}.Release|x86.ActiveCfg = Release|Any CPU
		{32763E3F-A7CA-4C7A-AA31-6C1DC68FDD4E}.Release|x86.Build.0 = Release|Any CPU
		{85C4B8A7-613F-4FD3-AA82-51F63828F203}.Debug|Any CPU.ActiveCfg = Debug|Any CPU
		{85C4B8A7-613F-4FD3-AA82-51F63828F203}.Debug|Any CPU.Build.0 = Debug|Any CPU
		{85C4B8A7-613F-4FD3-AA82-51F63828F203}.Debug|x64.ActiveCfg = Debug|Any CPU
		{85C4B8A7-613F-4FD3-AA82-51F63828F203}.Debug|x64.Build.0 = Debug|Any CPU
		{85C4B8A7-613F-4FD3-AA82-51F63828F203}.Debug|x86.ActiveCfg = Debug|Any CPU
		{85C4B8A7-613F-4FD3-AA82-51F63828F203}.Debug|x86.Build.0 = Debug|Any CPU
		{85C4B8A7-613F-4FD3-AA82-51F63828F203}.Release|Any CPU.ActiveCfg = Release|Any CPU
		{85C4B8A7-613F-4FD3-AA82-51F63828F203}.Release|Any CPU.Build.0 = Release|Any CPU
		{85C4B8A7-613F-4FD3-AA82-51F63828F203}.Release|x64.ActiveCfg = Release|Any CPU
		{85C4B8A7-613F-4FD3-AA82-51F63828F203}.Release|x64.Build.0 = Release|Any CPU
		{85C4B8A7-613F-4FD3-AA82-51F63828F203}.Release|x86.ActiveCfg = Release|Any CPU
		{85C4B8A7-613F-4FD3-AA82-51F63828F203}.Release|x86.Build.0 = Release|Any CPU
		{179D537D-9F98-404A-85AC-CE830A342DB4}.Debug|Any CPU.ActiveCfg = Debug|Any CPU
		{179D537D-9F98-404A-85AC-CE830A342DB4}.Debug|Any CPU.Build.0 = Debug|Any CPU
		{179D537D-9F98-404A-85AC-CE830A342DB4}.Debug|x64.ActiveCfg = Debug|Any CPU
		{179D537D-9F98-404A-85AC-CE830A342DB4}.Debug|x64.Build.0 = Debug|Any CPU
		{179D537D-9F98-404A-85AC-CE830A342DB4}.Debug|x86.ActiveCfg = Debug|Any CPU
		{179D537D-9F98-404A-85AC-CE830A342DB4}.Debug|x86.Build.0 = Debug|Any CPU
		{179D537D-9F98-404A-85AC-CE830A342DB4}.Release|Any CPU.ActiveCfg = Release|Any CPU
		{179D537D-9F98-404A-85AC-CE830A342DB4}.Release|Any CPU.Build.0 = Release|Any CPU
		{179D537D-9F98-404A-85AC-CE830A342DB4}.Release|x64.ActiveCfg = Release|Any CPU
		{179D537D-9F98-404A-85AC-CE830A342DB4}.Release|x64.Build.0 = Release|Any CPU
		{179D537D-9F98-404A-85AC-CE830A342DB4}.Release|x86.ActiveCfg = Release|Any CPU
		{179D537D-9F98-404A-85AC-CE830A342DB4}.Release|x86.Build.0 = Release|Any CPU
	EndGlobalSection
	GlobalSection(SolutionProperties) = preSolution
		HideSolutionNode = FALSE
	EndGlobalSection
	GlobalSection(ExtensibilityGlobals) = postSolution
		SolutionGuid = {80ABD452-8AC7-4532-9FAC-0DB60FE5D925}
	EndGlobalSection
EndGlobal
