
Microsoft Visual Studio Solution File, Format Version 12.00
# Visual Studio Version 16
VisualStudioVersion = 25.0.1706.14
MinimumVisualStudioVersion = 10.0.40219.1
Project("{FAE04EC0-301F-11D3-BF4B-00C04F79EFBC}") = "SirketApi", "SirektApi\SirketApi.csproj", "{E855251F-ABBC-4060-9951-E3C9F1C8B29D}"
EndProject
Global
	GlobalSection(SolutionConfigurationPlatforms) = preSolution
		Debug|Any CPU = Debug|Any CPU
		Release|Any CPU = Release|Any CPU
	EndGlobalSection
	GlobalSection(ProjectConfigurationPlatforms) = postSolution
		{E855251F-ABBC-4060-9951-E3C9F1C8B29D}.Debug|Any CPU.ActiveCfg = Debug|Any CPU
		{E855251F-ABBC-4060-9951-E3C9F1C8B29D}.Debug|Any CPU.Build.0 = Debug|Any CPU
		{E855251F-ABBC-4060-9951-E3C9F1C8B29D}.Release|Any CPU.ActiveCfg = Release|Any CPU
		{E855251F-ABBC-4060-9951-E3C9F1C8B29D}.Release|Any CPU.Build.0 = Release|Any CPU
	EndGlobalSection
	GlobalSection(SolutionProperties) = preSolution
		HideSolutionNode = FALSE
	EndGlobalSection
	GlobalSection(ExtensibilityGlobals) = postSolution
		SolutionGuid = {07BD2A69-BEBF-4584-B98D-0577DE70C40D}
	EndGlobalSection
EndGlobal
